
Microsoft Visual Studio Solution File, Format Version 12.00
# Visual Studio 15
VisualStudioVersion = 15.0.27703.2047
MinimumVisualStudioVersion = 10.0.40219.1
Project("{FAE04EC0-301F-11D3-BF4B-00C04F79EFBC}") = "modul", "modul\modul.csproj", "{2347D2EF-F68C-42B1-9242-4EE7B0080B73}"
EndProject
Global
	GlobalSection(SolutionConfigurationPlatforms) = preSolution
		Debug|Any CPU = Debug|Any CPU
		Release|Any CPU = Release|Any CPU
	EndGlobalSection
	GlobalSection(ProjectConfigurationPlatforms) = postSolution
		{2347D2EF-F68C-42B1-9242-4EE7B0080B73}.Debug|Any CPU.ActiveCfg = Debug|Any CPU
		{2347D2EF-F68C-42B1-9242-4EE7B0080B73}.Debug|Any CPU.Build.0 = Debug|Any CPU
		{2347D2EF-F68C-42B1-9242-4EE7B0080B73}.Release|Any CPU.ActiveCfg = Release|Any CPU
		{2347D2EF-F68C-42B1-9242-4EE7B0080B73}.Release|Any CPU.Build.0 = Release|Any CPU
	EndGlobalSection
	GlobalSection(SolutionProperties) = preSolution
		HideSolutionNode = FALSE
	EndGlobalSection
	GlobalSection(ExtensibilityGlobals) = postSolution
		SolutionGuid = {EDF4F9C0-C16C-4171-9C7C-EAFD564ADB29}
	EndGlobalSection
EndGlobal
